
Microsoft Visual Studio Solution File, Format Version 12.00
# Visual Studio Version 17
VisualStudioVersion = 17.14.36212.18 d17.14
MinimumVisualStudioVersion = 10.0.40219.1
Project("{FAE04EC0-301F-11D3-BF4B-00C04F79EFBC}") = "RestApiClass7to9TTS", "RestApiClass7to9TTS\RestApiClass7to9TTS.csproj", "{53C59F6E-532D-4A6C-88F5-55B316FF6F3A}"
EndProject
Global
	GlobalSection(SolutionConfigurationPlatforms) = preSolution
		Debug|Any CPU = Debug|Any CPU
		Release|Any CPU = Release|Any CPU
	EndGlobalSection
	GlobalSection(ProjectConfigurationPlatforms) = postSolution
		{53C59F6E-532D-4A6C-88F5-55B316FF6F3A}.Debug|Any CPU.ActiveCfg = Debug|Any CPU
		{53C59F6E-532D-4A6C-88F5-55B316FF6F3A}.Debug|Any CPU.Build.0 = Debug|Any CPU
		{53C59F6E-532D-4A6C-88F5-55B316FF6F3A}.Release|Any CPU.ActiveCfg = Release|Any CPU
		{53C59F6E-532D-4A6C-88F5-55B316FF6F3A}.Release|Any CPU.Build.0 = Release|Any CPU
	EndGlobalSection
	GlobalSection(SolutionProperties) = preSolution
		HideSolutionNode = FALSE
	EndGlobalSection
	GlobalSection(ExtensibilityGlobals) = postSolution
		SolutionGuid = {8BAFDA1A-AB1B-4425-B832-7D5143CAF426}
	EndGlobalSection
EndGlobal
